
Microsoft Visual Studio Solution File, Format Version 12.00
# Visual Studio Version 16
VisualStudioVersion = 16.0.30011.22
MinimumVisualStudioVersion = 10.0.40219.1
Project("{FAE04EC0-301F-11D3-BF4B-00C04F79EFBC}") = "curso", "curso\curso.csproj", "{53BA28FB-5B46-4B67-9DA7-6302E6850407}"
EndProject
Global
	GlobalSection(SolutionConfigurationPlatforms) = preSolution
		Debug|Any CPU = Debug|Any CPU
		Release|Any CPU = Release|Any CPU
	EndGlobalSection
	GlobalSection(ProjectConfigurationPlatforms) = postSolution
		{53BA28FB-5B46-4B67-9DA7-6302E6850407}.Debug|Any CPU.ActiveCfg = Debug|Any CPU
		{53BA28FB-5B46-4B67-9DA7-6302E6850407}.Debug|Any CPU.Build.0 = Debug|Any CPU
		{53BA28FB-5B46-4B67-9DA7-6302E6850407}.Release|Any CPU.ActiveCfg = Release|Any CPU
		{53BA28FB-5B46-4B67-9DA7-6302E6850407}.Release|Any CPU.Build.0 = Release|Any CPU
	EndGlobalSection
	GlobalSection(SolutionProperties) = preSolution
		HideSolutionNode = FALSE
	EndGlobalSection
	GlobalSection(ExtensibilityGlobals) = postSolution
		SolutionGuid = {63523895-ABA0-46A7-81DC-A874C3A46871}
	EndGlobalSection
EndGlobal
